
Microsoft Visual Studio Solution File, Format Version 12.00
# Visual Studio 15
VisualStudioVersion = 15.0.28307.271
MinimumVisualStudioVersion = 10.0.40219.1
Project("{8BC9CEB8-8B4A-11D0-8D11-00A0C91BC942}") = "framelib", "Projects\Visual_Studio\02_Common\framelib.vcxproj", "{15B7B576-7125-46F8-AFF1-976F8E4685A7}"
EndProject
Project("{8BC9CEB8-8B4A-11D0-8D11-00A0C91BC942}") = "framelib_objects", "Projects\Visual_Studio\02_Common\framelib_objects.vcxproj", "{A4E2A0AE-C945-4C8A-BAD6-B40660578BC3}"
	ProjectSection(ProjectDependencies) = postProject
		{15B7B576-7125-46F8-AFF1-976F8E4685A7} = {15B7B576-7125-46F8-AFF1-976F8E4685A7}
	EndProjectSection
EndProject
Project("{8BC9CEB8-8B4A-11D0-8D11-00A0C91BC942}") = "fl.interval~", "Projects\Visual_Studio\03_Max_Objects\fl.interval~.vcxproj", "{0886C451-3EF0-4984-BDD6-0A5CD16D4D9D}"
	ProjectSection(ProjectDependencies) = postProject
		{15B7B576-7125-46F8-AFF1-976F8E4685A7} = {15B7B576-7125-46F8-AFF1-976F8E4685A7}
		{A4E2A0AE-C945-4C8A-BAD6-B40660578BC3} = {A4E2A0AE-C945-4C8A-BAD6-B40660578BC3}
	EndProjectSection
EndProject
Global
	GlobalSection(SolutionConfigurationPlatforms) = preSolution
		Debug|x64 = Debug|x64
		Debug|x86 = Debug|x86
		Release|x64 = Release|x64
		Release|x86 = Release|x86
	EndGlobalSection
	GlobalSection(ProjectConfigurationPlatforms) = postSolution
		{15B7B576-7125-46F8-AFF1-976F8E4685A7}.Debug|x64.ActiveCfg = Debug|x64
		{15B7B576-7125-46F8-AFF1-976F8E4685A7}.Debug|x64.Build.0 = Debug|x64
		{15B7B576-7125-46F8-AFF1-976F8E4685A7}.Debug|x86.ActiveCfg = Debug|Win32
		{15B7B576-7125-46F8-AFF1-976F8E4685A7}.Debug|x86.Build.0 = Debug|Win32
		{15B7B576-7125-46F8-AFF1-976F8E4685A7}.Release|x64.ActiveCfg = Release|x64
		{15B7B576-7125-46F8-AFF1-976F8E4685A7}.Release|x64.Build.0 = Release|x64
		{15B7B576-7125-46F8-AFF1-976F8E4685A7}.Release|x86.ActiveCfg = Release|Win32
		{15B7B576-7125-46F8-AFF1-976F8E4685A7}.Release|x86.Build.0 = Release|Win32
		{A4E2A0AE-C945-4C8A-BAD6-B40660578BC3}.Debug|x64.ActiveCfg = Debug|x64
		{A4E2A0AE-C945-4C8A-BAD6-B40660578BC3}.Debug|x64.Build.0 = Debug|x64
		{A4E2A0AE-C945-4C8A-BAD6-B40660578BC3}.Debug|x86.ActiveCfg = Debug|Win32
		{A4E2A0AE-C945-4C8A-BAD6-B40660578BC3}.Debug|x86.Build.0 = Debug|Win32
		{A4E2A0AE-C945-4C8A-BAD6-B40660578BC3}.Release|x64.ActiveCfg = Release|x64
		{A4E2A0AE-C945-4C8A-BAD6-B40660578BC3}.Release|x64.Build.0 = Release|x64
		{A4E2A0AE-C945-4C8A-BAD6-B40660578BC3}.Release|x86.ActiveCfg = Release|Win32
		{A4E2A0AE-C945-4C8A-BAD6-B40660578BC3}.Release|x86.Build.0 = Release|Win32
		{0886C451-3EF0-4984-BDD6-0A5CD16D4D9D}.Debug|x64.ActiveCfg = Debug|x64
		{0886C451-3EF0-4984-BDD6-0A5CD16D4D9D}.Debug|x64.Build.0 = Debug|x64
		{0886C451-3EF0-4984-BDD6-0A5CD16D4D9D}.Debug|x86.ActiveCfg = Debug|Win32
		{0886C451-3EF0-4984-BDD6-0A5CD16D4D9D}.Debug|x86.Build.0 = Debug|Win32
		{0886C451-3EF0-4984-BDD6-0A5CD16D4D9D}.Release|x64.ActiveCfg = Release|x64
		{0886C451-3EF0-4984-BDD6-0A5CD16D4D9D}.Release|x64.Build.0 = Release|x64
		{0886C451-3EF0-4984-BDD6-0A5CD16D4D9D}.Release|x86.ActiveCfg = Release|Win32
		{0886C451-3EF0-4984-BDD6-0A5CD16D4D9D}.Release|x86.Build.0 = Release|Win32
	EndGlobalSection
	GlobalSection(SolutionProperties) = preSolution
		HideSolutionNode = FALSE
	EndGlobalSection
	GlobalSection(ExtensibilityGlobals) = postSolution
		SolutionGuid = {A3DB0FCA-23E4-41AE-9F71-7DE5DB5C15DF}
	EndGlobalSection
EndGlobal
